
Microsoft Visual Studio Solution File, Format Version 12.00
# Visual Studio Version 17
VisualStudioVersion = 17.1.32228.430
MinimumVisualStudioVersion = 10.0.40219.1
Project("{2150E333-8FDC-42A3-9474-1A3956D46DE8}") = "Shared", "Shared", "{57CCCAA7-D190-4795-8167-5FF9F3EEB53B}"
	ProjectSection(SolutionItems) = preProject
		Shared\common.targets = Shared\common.targets
		Shared\git-submodule-checkout.bat = Shared\git-submodule-checkout.bat
	EndProjectSection
EndProject
Project("{2150E333-8FDC-42A3-9474-1A3956D46DE8}") = "_root", "_root", "{2D8E6C28-BD29-4A44-8B59-A463ED717032}"
	ProjectSection(SolutionItems) = preProject
		.gitattributes = .gitattributes
		.gitignore = .gitignore
		README.md = README.md
	EndProjectSection
EndProject
Global
	GlobalSection(SolutionProperties) = preSolution
		HideSolutionNode = FALSE
	EndGlobalSection
	GlobalSection(ExtensibilityGlobals) = postSolution
		SolutionGuid = {AAE36144-57AA-4334-A484-2306BF318CCB}
	EndGlobalSection
EndGlobal
